// !$*UTF8*$!
{
	archiveVersion = 1;
	classes = {
	};
	objectVersion = 55;
	objects = {

/* Begin PBXBuildFile section */
		5723F1D9693424B2C11B7750 /* Pods_ict_hack_4.framework in Frameworks */ = {isa = PBXBuildFile; fileRef = 57F87F5F8022CAD6A7DFCFCA /* Pods_ict_hack_4.framework */; };
		A61F476928384D0800E5E74E /* AppImageNames.swift in Sources */ = {isa = PBXBuildFile; fileRef = A61F476828384D0800E5E74E /* AppImageNames.swift */; };
		A61F476C2838661C00E5E74E /* Router.swift in Sources */ = {isa = PBXBuildFile; fileRef = A61F476B2838661B00E5E74E /* Router.swift */; };
		A61F476E2838663900E5E74E /* MainViewController.swift in Sources */ = {isa = PBXBuildFile; fileRef = A61F476D2838663900E5E74E /* MainViewController.swift */; };
		A61F47702838668B00E5E74E /* PinView.swift in Sources */ = {isa = PBXBuildFile; fileRef = A61F476F2838668B00E5E74E /* PinView.swift */; };
		A61F477328390E1D00E5E74E /* NewDiaryEntryViewController.swift in Sources */ = {isa = PBXBuildFile; fileRef = A61F477228390E1D00E5E74E /* NewDiaryEntryViewController.swift */; };
		A61F477528390E3D00E5E74E /* HistoryViewController.swift in Sources */ = {isa = PBXBuildFile; fileRef = A61F477428390E3D00E5E74E /* HistoryViewController.swift */; };
		A61F4779283912C200E5E74E /* NewNoteTableViewCell.swift in Sources */ = {isa = PBXBuildFile; fileRef = A61F4778283912C200E5E74E /* NewNoteTableViewCell.swift */; };
		A61F477B2839373E00E5E74E /* DataModels.swift in Sources */ = {isa = PBXBuildFile; fileRef = A61F477A2839373E00E5E74E /* DataModels.swift */; };
		A61F477D2839412E00E5E74E /* AdviceTableViewCell.swift in Sources */ = {isa = PBXBuildFile; fileRef = A61F477C2839412E00E5E74E /* AdviceTableViewCell.swift */; };
		A61F477F283950F400E5E74E /* AdviceRateTableViewCell.swift in Sources */ = {isa = PBXBuildFile; fileRef = A61F477E283950F400E5E74E /* AdviceRateTableViewCell.swift */; };
		A61F47812839622C00E5E74E /* vocab.txt in Resources */ = {isa = PBXBuildFile; fileRef = A61F47802839622C00E5E74E /* vocab.txt */; };
		A61F47842839663A00E5E74E /* Tokenizer.swift in Sources */ = {isa = PBXBuildFile; fileRef = A61F47832839663A00E5E74E /* Tokenizer.swift */; };
		A61F47862839668D00E5E74E /* Utils.swift in Sources */ = {isa = PBXBuildFile; fileRef = A61F47852839668D00E5E74E /* Utils.swift */; };
		A61F478828396DE500E5E74E /* PredictionModel.swift in Sources */ = {isa = PBXBuildFile; fileRef = A61F478728396DE500E5E74E /* PredictionModel.swift */; };
		A61F478D2839701E00E5E74E /* TorchModule.mm in Sources */ = {isa = PBXBuildFile; fileRef = A61F478C2839701E00E5E74E /* TorchModule.mm */; };
		A68354E428381AAF00C31392 /* AppDelegate.swift in Sources */ = {isa = PBXBuildFile; fileRef = A68354E328381AAF00C31392 /* AppDelegate.swift */; };
		A68354E628381AAF00C31392 /* SceneDelegate.swift in Sources */ = {isa = PBXBuildFile; fileRef = A68354E528381AAF00C31392 /* SceneDelegate.swift */; };
		A68354E828381AAF00C31392 /* ViewController.swift in Sources */ = {isa = PBXBuildFile; fileRef = A68354E728381AAF00C31392 /* ViewController.swift */; };
		A68354ED28381AAF00C31392 /* Assets.xcassets in Resources */ = {isa = PBXBuildFile; fileRef = A68354EC28381AAF00C31392 /* Assets.xcassets */; };
		A68354F028381AAF00C31392 /* LaunchScreen.storyboard in Resources */ = {isa = PBXBuildFile; fileRef = A68354EE28381AAF00C31392 /* LaunchScreen.storyboard */; };
		A68354FC283836C600C31392 /* EnterPasswordViewController.swift in Sources */ = {isa = PBXBuildFile; fileRef = A68354FB283836C600C31392 /* EnterPasswordViewController.swift */; };
		A68354FE2838396200C31392 /* AppColors.swift in Sources */ = {isa = PBXBuildFile; fileRef = A68354FD2838396200C31392 /* AppColors.swift */; };
		A683550028383A6E00C31392 /* NumberPadView.swift in Sources */ = {isa = PBXBuildFile; fileRef = A68354FF28383A6E00C31392 /* NumberPadView.swift */; };
		A683550228383CF300C31392 /* UIButton+Extension.swift in Sources */ = {isa = PBXBuildFile; fileRef = A683550128383CF300C31392 /* UIButton+Extension.swift */; };
		A6B1697E2839B5E500E4FDFA /* HelpСenterCallTableViewCell.swift in Sources */ = {isa = PBXBuildFile; fileRef = A6B1697D2839B5E500E4FDFA /* HelpСenterCallTableViewCell.swift */; };
		A6B169802839C05100E4FDFA /* PositiveAdviceTableViewCell.swift in Sources */ = {isa = PBXBuildFile; fileRef = A6B1697F2839C05100E4FDFA /* PositiveAdviceTableViewCell.swift */; };
		A6B16A822839E27900E4FDFA /* FountainFirework.swift in Sources */ = {isa = PBXBuildFile; fileRef = A6B16A4C2839E27900E4FDFA /* FountainFirework.swift */; };
		A6B16A832839E27900E4FDFA /* FountainFireworkAnimator.swift in Sources */ = {isa = PBXBuildFile; fileRef = A6B16A4D2839E27900E4FDFA /* FountainFireworkAnimator.swift */; };
		A6B16A842839E27900E4FDFA /* FountainFireworkController.swift in Sources */ = {isa = PBXBuildFile; fileRef = A6B16A4E2839E27900E4FDFA /* FountainFireworkController.swift */; };
		A6B16A852839E27900E4FDFA /* FountainSparkTrajectoryFactory.swift in Sources */ = {isa = PBXBuildFile; fileRef = A6B16A4F2839E27900E4FDFA /* FountainSparkTrajectoryFactory.swift */; };
		A6B16A862839E27900E4FDFA /* SparkTrajectory.swift in Sources */ = {isa = PBXBuildFile; fileRef = A6B16A512839E27900E4FDFA /* SparkTrajectory.swift */; };
		A6B16A872839E27900E4FDFA /* SparkTrajectoryFactory.swift in Sources */ = {isa = PBXBuildFile; fileRef = A6B16A522839E27900E4FDFA /* SparkTrajectoryFactory.swift */; };
		A6B16A882839E27900E4FDFA /* FireworkSparkScheduler.swift in Sources */ = {isa = PBXBuildFile; fileRef = A6B16A532839E27900E4FDFA /* FireworkSparkScheduler.swift */; };
		A6B16A892839E27900E4FDFA /* Firework.swift in Sources */ = {isa = PBXBuildFile; fileRef = A6B16A542839E27900E4FDFA /* Firework.swift */; };
		A6B16A8A2839E27900E4FDFA /* SparkViewAnimator.swift in Sources */ = {isa = PBXBuildFile; fileRef = A6B16A552839E27900E4FDFA /* SparkViewAnimator.swift */; };
		A6B16A8B2839E27900E4FDFA /* SparkView.swift in Sources */ = {isa = PBXBuildFile; fileRef = A6B16A562839E27900E4FDFA /* SparkView.swift */; };
		A6B16A8C2839E27900E4FDFA /* SparkViewFactory.swift in Sources */ = {isa = PBXBuildFile; fileRef = A6B16A572839E27900E4FDFA /* SparkViewFactory.swift */; };
		A6B16A8D2839E27900E4FDFA /* FireworkSpark.swift in Sources */ = {isa = PBXBuildFile; fileRef = A6B16A582839E27900E4FDFA /* FireworkSpark.swift */; };
		A6B16A8E2839E27900E4FDFA /* ClassicSparkTrajectoryFactoryProtocol.swift in Sources */ = {isa = PBXBuildFile; fileRef = A6B16A5A2839E27900E4FDFA /* ClassicSparkTrajectoryFactoryProtocol.swift */; };
		A6B16A8F2839E27900E4FDFA /* ClassicFireworkController.swift in Sources */ = {isa = PBXBuildFile; fileRef = A6B16A5B2839E27900E4FDFA /* ClassicFireworkController.swift */; };
		A6B16A902839E27900E4FDFA /* ClassicSparkTrajectoryFactory.swift in Sources */ = {isa = PBXBuildFile; fileRef = A6B16A5C2839E27900E4FDFA /* ClassicSparkTrajectoryFactory.swift */; };
		A6B16A912839E27900E4FDFA /* ClassicFireworkAnimator.swift in Sources */ = {isa = PBXBuildFile; fileRef = A6B16A5D2839E27900E4FDFA /* ClassicFireworkAnimator.swift */; };
		A6B16A922839E27900E4FDFA /* ClassicFirework.swift in Sources */ = {isa = PBXBuildFile; fileRef = A6B16A5E2839E27900E4FDFA /* ClassicFirework.swift */; };
		A6B16A932839E27900E4FDFA /* CGPoint+Extensions.swift in Sources */ = {isa = PBXBuildFile; fileRef = A6B16A602839E27900E4FDFA /* CGPoint+Extensions.swift */; };
		A6B16AAA2839E27900E4FDFA /* ImageSparkViewFactory.swift in Sources */ = {isa = PBXBuildFile; fileRef = A6B16A7E2839E27900E4FDFA /* ImageSparkViewFactory.swift */; };
		A6B16AAB2839E27A00E4FDFA /* CircleColorSparkViewFactory.swift in Sources */ = {isa = PBXBuildFile; fileRef = A6B16A7F2839E27900E4FDFA /* CircleColorSparkViewFactory.swift */; };
		A6B16AAC2839E27A00E4FDFA /* CircleColorSparkView.swift in Sources */ = {isa = PBXBuildFile; fileRef = A6B16A802839E27900E4FDFA /* CircleColorSparkView.swift */; };
		A6B16AAD2839E27A00E4FDFA /* ImageSparkView.swift in Sources */ = {isa = PBXBuildFile; fileRef = A6B16A812839E27900E4FDFA /* ImageSparkView.swift */; };
		A6B16AAF283A31A200E4FDFA /* model-opt.ptl in Resources */ = {isa = PBXBuildFile; fileRef = A6B16AAE283A31A200E4FDFA /* model-opt.ptl */; };
/* End PBXBuildFile section */

/* Begin PBXFileReference section */
		1BB4ABD5C25D1DBE927D1AD1 /* Pods-ict-hack-4.debug.xcconfig */ = {isa = PBXFileReference; includeInIndex = 1; lastKnownFileType = text.xcconfig; name = "Pods-ict-hack-4.debug.xcconfig"; path = "Target Support Files/Pods-ict-hack-4/Pods-ict-hack-4.debug.xcconfig"; sourceTree = "<group>"; };
		57F87F5F8022CAD6A7DFCFCA /* Pods_ict_hack_4.framework */ = {isa = PBXFileReference; explicitFileType = wrapper.framework; includeInIndex = 0; path = Pods_ict_hack_4.framework; sourceTree = BUILT_PRODUCTS_DIR; };
		A61F476828384D0800E5E74E /* AppImageNames.swift */ = {isa = PBXFileReference; lastKnownFileType = sourcecode.swift; path = AppImageNames.swift; sourceTree = "<group>"; };
		A61F476B2838661B00E5E74E /* Router.swift */ = {isa = PBXFileReference; lastKnownFileType = sourcecode.swift; path = Router.swift; sourceTree = "<group>"; };
		A61F476D2838663900E5E74E /* MainViewController.swift */ = {isa = PBXFileReference; lastKnownFileType = sourcecode.swift; path = MainViewController.swift; sourceTree = "<group>"; };
		A61F476F2838668B00E5E74E /* PinView.swift */ = {isa = PBXFileReference; lastKnownFileType = sourcecode.swift; path = PinView.swift; sourceTree = "<group>"; };
		A61F477228390E1D00E5E74E /* NewDiaryEntryViewController.swift */ = {isa = PBXFileReference; lastKnownFileType = sourcecode.swift; path = NewDiaryEntryViewController.swift; sourceTree = "<group>"; };
		A61F477428390E3D00E5E74E /* HistoryViewController.swift */ = {isa = PBXFileReference; lastKnownFileType = sourcecode.swift; path = HistoryViewController.swift; sourceTree = "<group>"; };
		A61F4778283912C200E5E74E /* NewNoteTableViewCell.swift */ = {isa = PBXFileReference; lastKnownFileType = sourcecode.swift; path = NewNoteTableViewCell.swift; sourceTree = "<group>"; };
		A61F477A2839373E00E5E74E /* DataModels.swift */ = {isa = PBXFileReference; lastKnownFileType = sourcecode.swift; path = DataModels.swift; sourceTree = "<group>"; };
		A61F477C2839412E00E5E74E /* AdviceTableViewCell.swift */ = {isa = PBXFileReference; lastKnownFileType = sourcecode.swift; path = AdviceTableViewCell.swift; sourceTree = "<group>"; };
		A61F477E283950F400E5E74E /* AdviceRateTableViewCell.swift */ = {isa = PBXFileReference; lastKnownFileType = sourcecode.swift; path = AdviceRateTableViewCell.swift; sourceTree = "<group>"; };
		A61F47802839622C00E5E74E /* vocab.txt */ = {isa = PBXFileReference; fileEncoding = 4; lastKnownFileType = text; path = vocab.txt; sourceTree = "<group>"; };
		A61F47832839663A00E5E74E /* Tokenizer.swift */ = {isa = PBXFileReference; lastKnownFileType = sourcecode.swift; path = Tokenizer.swift; sourceTree = "<group>"; };
		A61F47852839668D00E5E74E /* Utils.swift */ = {isa = PBXFileReference; lastKnownFileType = sourcecode.swift; path = Utils.swift; sourceTree = "<group>"; };
		A61F478728396DE500E5E74E /* PredictionModel.swift */ = {isa = PBXFileReference; lastKnownFileType = sourcecode.swift; path = PredictionModel.swift; sourceTree = "<group>"; };
		A61F478A2839701100E5E74E /* TorchModule.h */ = {isa = PBXFileReference; lastKnownFileType = sourcecode.c.h; path = TorchModule.h; sourceTree = "<group>"; };
		A61F478B2839701E00E5E74E /* ict-hack-4-Bridging-Header.h */ = {isa = PBXFileReference; lastKnownFileType = sourcecode.c.h; path = "ict-hack-4-Bridging-Header.h"; sourceTree = "<group>"; };
		A61F478C2839701E00E5E74E /* TorchModule.mm */ = {isa = PBXFileReference; fileEncoding = 4; lastKnownFileType = sourcecode.cpp.objcpp; path = TorchModule.mm; sourceTree = "<group>"; };
		A68354E028381AAF00C31392 /* ict-hack-4.app */ = {isa = PBXFileReference; explicitFileType = wrapper.application; includeInIndex = 0; path = "ict-hack-4.app"; sourceTree = BUILT_PRODUCTS_DIR; };
		A68354E328381AAF00C31392 /* AppDelegate.swift */ = {isa = PBXFileReference; lastKnownFileType = sourcecode.swift; path = AppDelegate.swift; sourceTree = "<group>"; };
		A68354E528381AAF00C31392 /* SceneDelegate.swift */ = {isa = PBXFileReference; lastKnownFileType = sourcecode.swift; path = SceneDelegate.swift; sourceTree = "<group>"; };
		A68354E728381AAF00C31392 /* ViewController.swift */ = {isa = PBXFileReference; lastKnownFileType = sourcecode.swift; path = ViewController.swift; sourceTree = "<group>"; };
		A68354EC28381AAF00C31392 /* Assets.xcassets */ = {isa = PBXFileReference; lastKnownFileType = folder.assetcatalog; path = Assets.xcassets; sourceTree = "<group>"; };
		A68354EF28381AAF00C31392 /* Base */ = {isa = PBXFileReference; lastKnownFileType = file.storyboard; name = Base; path = Base.lproj/LaunchScreen.storyboard; sourceTree = "<group>"; };
		A68354F128381AAF00C31392 /* Info.plist */ = {isa = PBXFileReference; lastKnownFileType = text.plist.xml; path = Info.plist; sourceTree = "<group>"; };
		A68354FB283836C600C31392 /* EnterPasswordViewController.swift */ = {isa = PBXFileReference; lastKnownFileType = sourcecode.swift; path = EnterPasswordViewController.swift; sourceTree = "<group>"; };
		A68354FD2838396200C31392 /* AppColors.swift */ = {isa = PBXFileReference; lastKnownFileType = sourcecode.swift; path = AppColors.swift; sourceTree = "<group>"; };
		A68354FF28383A6E00C31392 /* NumberPadView.swift */ = {isa = PBXFileReference; lastKnownFileType = sourcecode.swift; path = NumberPadView.swift; sourceTree = "<group>"; };
		A683550128383CF300C31392 /* UIButton+Extension.swift */ = {isa = PBXFileReference; lastKnownFileType = sourcecode.swift; path = "UIButton+Extension.swift"; sourceTree = "<group>"; };
		A6B1697D2839B5E500E4FDFA /* HelpСenterCallTableViewCell.swift */ = {isa = PBXFileReference; lastKnownFileType = sourcecode.swift; path = "HelpСenterCallTableViewCell.swift"; sourceTree = "<group>"; };
		A6B1697F2839C05100E4FDFA /* PositiveAdviceTableViewCell.swift */ = {isa = PBXFileReference; lastKnownFileType = sourcecode.swift; path = PositiveAdviceTableViewCell.swift; sourceTree = "<group>"; };
		A6B16A4C2839E27900E4FDFA /* FountainFirework.swift */ = {isa = PBXFileReference; fileEncoding = 4; lastKnownFileType = sourcecode.swift; path = FountainFirework.swift; sourceTree = "<group>"; };
		A6B16A4D2839E27900E4FDFA /* FountainFireworkAnimator.swift */ = {isa = PBXFileReference; fileEncoding = 4; lastKnownFileType = sourcecode.swift; path = FountainFireworkAnimator.swift; sourceTree = "<group>"; };
		A6B16A4E2839E27900E4FDFA /* FountainFireworkController.swift */ = {isa = PBXFileReference; fileEncoding = 4; lastKnownFileType = sourcecode.swift; path = FountainFireworkController.swift; sourceTree = "<group>"; };
		A6B16A4F2839E27900E4FDFA /* FountainSparkTrajectoryFactory.swift */ = {isa = PBXFileReference; fileEncoding = 4; lastKnownFileType = sourcecode.swift; path = FountainSparkTrajectoryFactory.swift; sourceTree = "<group>"; };
		A6B16A512839E27900E4FDFA /* SparkTrajectory.swift */ = {isa = PBXFileReference; fileEncoding = 4; lastKnownFileType = sourcecode.swift; path = SparkTrajectory.swift; sourceTree = "<group>"; };
		A6B16A522839E27900E4FDFA /* SparkTrajectoryFactory.swift */ = {isa = PBXFileReference; fileEncoding = 4; lastKnownFileType = sourcecode.swift; path = SparkTrajectoryFactory.swift; sourceTree = "<group>"; };
		A6B16A532839E27900E4FDFA /* FireworkSparkScheduler.swift */ = {isa = PBXFileReference; fileEncoding = 4; lastKnownFileType = sourcecode.swift; path = FireworkSparkScheduler.swift; sourceTree = "<group>"; };
		A6B16A542839E27900E4FDFA /* Firework.swift */ = {isa = PBXFileReference; fileEncoding = 4; lastKnownFileType = sourcecode.swift; path = Firework.swift; sourceTree = "<group>"; };
		A6B16A552839E27900E4FDFA /* SparkViewAnimator.swift */ = {isa = PBXFileReference; fileEncoding = 4; lastKnownFileType = sourcecode.swift; path = SparkViewAnimator.swift; sourceTree = "<group>"; };
		A6B16A562839E27900E4FDFA /* SparkView.swift */ = {isa = PBXFileReference; fileEncoding = 4; lastKnownFileType = sourcecode.swift; path = SparkView.swift; sourceTree = "<group>"; };
		A6B16A572839E27900E4FDFA /* SparkViewFactory.swift */ = {isa = PBXFileReference; fileEncoding = 4; lastKnownFileType = sourcecode.swift; path = SparkViewFactory.swift; sourceTree = "<group>"; };
		A6B16A582839E27900E4FDFA /* FireworkSpark.swift */ = {isa = PBXFileReference; fileEncoding = 4; lastKnownFileType = sourcecode.swift; path = FireworkSpark.swift; sourceTree = "<group>"; };
		A6B16A5A2839E27900E4FDFA /* ClassicSparkTrajectoryFactoryProtocol.swift */ = {isa = PBXFileReference; fileEncoding = 4; lastKnownFileType = sourcecode.swift; path = ClassicSparkTrajectoryFactoryProtocol.swift; sourceTree = "<group>"; };
		A6B16A5B2839E27900E4FDFA /* ClassicFireworkController.swift */ = {isa = PBXFileReference; fileEncoding = 4; lastKnownFileType = sourcecode.swift; path = ClassicFireworkController.swift; sourceTree = "<group>"; };
		A6B16A5C2839E27900E4FDFA /* ClassicSparkTrajectoryFactory.swift */ = {isa = PBXFileReference; fileEncoding = 4; lastKnownFileType = sourcecode.swift; path = ClassicSparkTrajectoryFactory.swift; sourceTree = "<group>"; };
		A6B16A5D2839E27900E4FDFA /* ClassicFireworkAnimator.swift */ = {isa = PBXFileReference; fileEncoding = 4; lastKnownFileType = sourcecode.swift; path = ClassicFireworkAnimator.swift; sourceTree = "<group>"; };
		A6B16A5E2839E27900E4FDFA /* ClassicFirework.swift */ = {isa = PBXFileReference; fileEncoding = 4; lastKnownFileType = sourcecode.swift; path = ClassicFirework.swift; sourceTree = "<group>"; };
		A6B16A602839E27900E4FDFA /* CGPoint+Extensions.swift */ = {isa = PBXFileReference; fileEncoding = 4; lastKnownFileType = sourcecode.swift; path = "CGPoint+Extensions.swift"; sourceTree = "<group>"; };
		A6B16A7E2839E27900E4FDFA /* ImageSparkViewFactory.swift */ = {isa = PBXFileReference; fileEncoding = 4; lastKnownFileType = sourcecode.swift; path = ImageSparkViewFactory.swift; sourceTree = "<group>"; };
		A6B16A7F2839E27900E4FDFA /* CircleColorSparkViewFactory.swift */ = {isa = PBXFileReference; fileEncoding = 4; lastKnownFileType = sourcecode.swift; path = CircleColorSparkViewFactory.swift; sourceTree = "<group>"; };
		A6B16A802839E27900E4FDFA /* CircleColorSparkView.swift */ = {isa = PBXFileReference; fileEncoding = 4; lastKnownFileType = sourcecode.swift; path = CircleColorSparkView.swift; sourceTree = "<group>"; };
		A6B16A812839E27900E4FDFA /* ImageSparkView.swift */ = {isa = PBXFileReference; fileEncoding = 4; lastKnownFileType = sourcecode.swift; path = ImageSparkView.swift; sourceTree = "<group>"; };
		A6B16AAE283A31A200E4FDFA /* model-opt.ptl */ = {isa = PBXFileReference; lastKnownFileType = file; path = "model-opt.ptl"; sourceTree = "<group>"; };
		A990A7DB93C74C210AF9A76B /* Pods-ict-hack-4.release.xcconfig */ = {isa = PBXFileReference; includeInIndex = 1; lastKnownFileType = text.xcconfig; name = "Pods-ict-hack-4.release.xcconfig"; path = "Target Support Files/Pods-ict-hack-4/Pods-ict-hack-4.release.xcconfig"; sourceTree = "<group>"; };
/* End PBXFileReference section */

/* Begin PBXFrameworksBuildPhase section */
		A68354DD28381AAF00C31392 /* Frameworks */ = {
			isa = PBXFrameworksBuildPhase;
			buildActionMask = 2147483647;
			files = (
				5723F1D9693424B2C11B7750 /* Pods_ict_hack_4.framework in Frameworks */,
			);
			runOnlyForDeploymentPostprocessing = 0;
		};
/* End PBXFrameworksBuildPhase section */

/* Begin PBXGroup section */
		316BB9845569B8596D787617 /* Frameworks */ = {
			isa = PBXGroup;
			children = (
				57F87F5F8022CAD6A7DFCFCA /* Pods_ict_hack_4.framework */,
			);
			name = Frameworks;
			sourceTree = "<group>";
		};
		3F9C251F357FCB3A47EBA8F5 /* Pods */ = {
			isa = PBXGroup;
			children = (
				1BB4ABD5C25D1DBE927D1AD1 /* Pods-ict-hack-4.debug.xcconfig */,
				A990A7DB93C74C210AF9A76B /* Pods-ict-hack-4.release.xcconfig */,
			);
			path = Pods;
			sourceTree = "<group>";
		};
		A61F476A283851A700E5E74E /* Common */ = {
			isa = PBXGroup;
			children = (
				A6B16A4A2839E26100E4FDFA /* UIEffects */,
				A683550128383CF300C31392 /* UIButton+Extension.swift */,
			);
			path = Common;
			sourceTree = "<group>";
		};
		A61F477128390D2600E5E74E /* PinCodeScreen */ = {
			isa = PBXGroup;
			children = (
				A68354FB283836C600C31392 /* EnterPasswordViewController.swift */,
				A61F476F2838668B00E5E74E /* PinView.swift */,
				A68354FF28383A6E00C31392 /* NumberPadView.swift */,
			);
			path = PinCodeScreen;
			sourceTree = "<group>";
		};
		A61F477628390E9400E5E74E /* DiaryScreen */ = {
			isa = PBXGroup;
			children = (
				A61F477228390E1D00E5E74E /* NewDiaryEntryViewController.swift */,
				A6B1697F2839C05100E4FDFA /* PositiveAdviceTableViewCell.swift */,
				A6B1697D2839B5E500E4FDFA /* HelpСenterCallTableViewCell.swift */,
				A61F4778283912C200E5E74E /* NewNoteTableViewCell.swift */,
				A61F477C2839412E00E5E74E /* AdviceTableViewCell.swift */,
				A61F477E283950F400E5E74E /* AdviceRateTableViewCell.swift */,
			);
			path = DiaryScreen;
			sourceTree = "<group>";
		};
		A61F477728390EAA00E5E74E /* HistoryScreen */ = {
			isa = PBXGroup;
			children = (
				A61F477428390E3D00E5E74E /* HistoryViewController.swift */,
			);
			path = HistoryScreen;
			sourceTree = "<group>";
		};
		A61F47892839700700E5E74E /* TorchBridge */ = {
			isa = PBXGroup;
			children = (
				A61F478A2839701100E5E74E /* TorchModule.h */,
				A61F478C2839701E00E5E74E /* TorchModule.mm */,
				A61F478B2839701E00E5E74E /* ict-hack-4-Bridging-Header.h */,
			);
			path = TorchBridge;
			sourceTree = "<group>";
		};
		A68354D728381AAF00C31392 = {
			isa = PBXGroup;
			children = (
				A68354E228381AAF00C31392 /* ict-hack-4 */,
				A68354E128381AAF00C31392 /* Products */,
				3F9C251F357FCB3A47EBA8F5 /* Pods */,
				316BB9845569B8596D787617 /* Frameworks */,
			);
			sourceTree = "<group>";
		};
		A68354E128381AAF00C31392 /* Products */ = {
			isa = PBXGroup;
			children = (
				A68354E028381AAF00C31392 /* ict-hack-4.app */,
			);
			name = Products;
			sourceTree = "<group>";
		};
		A68354E228381AAF00C31392 /* ict-hack-4 */ = {
			isa = PBXGroup;
			children = (
				A68354F82838205200C31392 /* MLModel */,
				A68354F728381B4400C31392 /* Core */,
				A68354E728381AAF00C31392 /* ViewController.swift */,
				A61F476B2838661B00E5E74E /* Router.swift */,
				A61F476D2838663900E5E74E /* MainViewController.swift */,
				A61F477A2839373E00E5E74E /* DataModels.swift */,
				A61F477628390E9400E5E74E /* DiaryScreen */,
				A61F477728390EAA00E5E74E /* HistoryScreen */,
				A61F477128390D2600E5E74E /* PinCodeScreen */,
				A61F476A283851A700E5E74E /* Common */,
				A683550328384C7D00C31392 /* Resources */,
			);
			path = "ict-hack-4";
			sourceTree = "<group>";
		};
		A68354F728381B4400C31392 /* Core */ = {
			isa = PBXGroup;
			children = (
				A68354E328381AAF00C31392 /* AppDelegate.swift */,
				A68354E528381AAF00C31392 /* SceneDelegate.swift */,
				A68354F128381AAF00C31392 /* Info.plist */,
			);
			path = Core;
			sourceTree = "<group>";
		};
		A68354F82838205200C31392 /* MLModel */ = {
			isa = PBXGroup;
			children = (
				A61F47892839700700E5E74E /* TorchBridge */,
				A61F47802839622C00E5E74E /* vocab.txt */,
				A6B16AAE283A31A200E4FDFA /* model-opt.ptl */,
				A61F47832839663A00E5E74E /* Tokenizer.swift */,
				A61F47852839668D00E5E74E /* Utils.swift */,
				A61F478728396DE500E5E74E /* PredictionModel.swift */,
			);
			path = MLModel;
			sourceTree = "<group>";
		};
		A683550328384C7D00C31392 /* Resources */ = {
			isa = PBXGroup;
			children = (
				A68354FD2838396200C31392 /* AppColors.swift */,
				A61F476828384D0800E5E74E /* AppImageNames.swift */,
				A68354EC28381AAF00C31392 /* Assets.xcassets */,
				A68354EE28381AAF00C31392 /* LaunchScreen.storyboard */,
			);
			path = Resources;
			sourceTree = "<group>";
		};
		A6B16A4A2839E26100E4FDFA /* UIEffects */ = {
			isa = PBXGroup;
			children = (
				A6B16A592839E27900E4FDFA /* Classic Firework */,
				A6B16A4B2839E27900E4FDFA /* Fountain Firework */,
				A6B16A502839E27900E4FDFA /* Model */,
				A6B16A7D2839E27900E4FDFA /* Spark Views */,
				A6B16A5F2839E27900E4FDFA /* System Extensions */,
			);
			path = UIEffects;
			sourceTree = "<group>";
		};
		A6B16A4B2839E27900E4FDFA /* Fountain Firework */ = {
			isa = PBXGroup;
			children = (
				A6B16A4C2839E27900E4FDFA /* FountainFirework.swift */,
				A6B16A4D2839E27900E4FDFA /* FountainFireworkAnimator.swift */,
				A6B16A4E2839E27900E4FDFA /* FountainFireworkController.swift */,
				A6B16A4F2839E27900E4FDFA /* FountainSparkTrajectoryFactory.swift */,
			);
			path = "Fountain Firework";
			sourceTree = "<group>";
		};
		A6B16A502839E27900E4FDFA /* Model */ = {
			isa = PBXGroup;
			children = (
				A6B16A512839E27900E4FDFA /* SparkTrajectory.swift */,
				A6B16A522839E27900E4FDFA /* SparkTrajectoryFactory.swift */,
				A6B16A532839E27900E4FDFA /* FireworkSparkScheduler.swift */,
				A6B16A542839E27900E4FDFA /* Firework.swift */,
				A6B16A552839E27900E4FDFA /* SparkViewAnimator.swift */,
				A6B16A562839E27900E4FDFA /* SparkView.swift */,
				A6B16A572839E27900E4FDFA /* SparkViewFactory.swift */,
				A6B16A582839E27900E4FDFA /* FireworkSpark.swift */,
			);
			path = Model;
			sourceTree = "<group>";
		};
		A6B16A592839E27900E4FDFA /* Classic Firework */ = {
			isa = PBXGroup;
			children = (
				A6B16A5A2839E27900E4FDFA /* ClassicSparkTrajectoryFactoryProtocol.swift */,
				A6B16A5B2839E27900E4FDFA /* ClassicFireworkController.swift */,
				A6B16A5C2839E27900E4FDFA /* ClassicSparkTrajectoryFactory.swift */,
				A6B16A5D2839E27900E4FDFA /* ClassicFireworkAnimator.swift */,
				A6B16A5E2839E27900E4FDFA /* ClassicFirework.swift */,
			);
			path = "Classic Firework";
			sourceTree = "<group>";
		};
		A6B16A5F2839E27900E4FDFA /* System Extensions */ = {
			isa = PBXGroup;
			children = (
				A6B16A602839E27900E4FDFA /* CGPoint+Extensions.swift */,
			);
			path = "System Extensions";
			sourceTree = "<group>";
		};
		A6B16A7D2839E27900E4FDFA /* Spark Views */ = {
			isa = PBXGroup;
			children = (
				A6B16A7E2839E27900E4FDFA /* ImageSparkViewFactory.swift */,
				A6B16A7F2839E27900E4FDFA /* CircleColorSparkViewFactory.swift */,
				A6B16A802839E27900E4FDFA /* CircleColorSparkView.swift */,
				A6B16A812839E27900E4FDFA /* ImageSparkView.swift */,
			);
			path = "Spark Views";
			sourceTree = "<group>";
		};
/* End PBXGroup section */

/* Begin PBXNativeTarget section */
		A68354DF28381AAF00C31392 /* ict-hack-4 */ = {
			isa = PBXNativeTarget;
			buildConfigurationList = A68354F428381AAF00C31392 /* Build configuration list for PBXNativeTarget "ict-hack-4" */;
			buildPhases = (
				B64248F107FAE7E082B50DF3 /* [CP] Check Pods Manifest.lock */,
				A68354DC28381AAF00C31392 /* Sources */,
				A68354DD28381AAF00C31392 /* Frameworks */,
				A68354DE28381AAF00C31392 /* Resources */,
				83F5D50176E12485A0F78CE0 /* [CP] Embed Pods Frameworks */,
			);
			buildRules = (
			);
			dependencies = (
			);
			name = "ict-hack-4";
			productName = "ict-hack-4";
			productReference = A68354E028381AAF00C31392 /* ict-hack-4.app */;
			productType = "com.apple.product-type.application";
		};
/* End PBXNativeTarget section */

/* Begin PBXProject section */
		A68354D828381AAF00C31392 /* Project object */ = {
			isa = PBXProject;
			attributes = {
				BuildIndependentTargetsInParallel = 1;
				LastSwiftUpdateCheck = 1330;
				LastUpgradeCheck = 1330;
				TargetAttributes = {
					A68354DF28381AAF00C31392 = {
						CreatedOnToolsVersion = 13.3.1;
						LastSwiftMigration = 1330;
					};
				};
			};
			buildConfigurationList = A68354DB28381AAF00C31392 /* Build configuration list for PBXProject "ict-hack-4" */;
			compatibilityVersion = "Xcode 13.0";
			developmentRegion = en;
			hasScannedForEncodings = 0;
			knownRegions = (
				en,
				Base,
			);
			mainGroup = A68354D728381AAF00C31392;
			productRefGroup = A68354E128381AAF00C31392 /* Products */;
			projectDirPath = "";
			projectRoot = "";
			targets = (
				A68354DF28381AAF00C31392 /* ict-hack-4 */,
			);
		};
/* End PBXProject section */

/* Begin PBXResourcesBuildPhase section */
		A68354DE28381AAF00C31392 /* Resources */ = {
			isa = PBXResourcesBuildPhase;
			buildActionMask = 2147483647;
			files = (
				A6B16AAF283A31A200E4FDFA /* model-opt.ptl in Resources */,
				A61F47812839622C00E5E74E /* vocab.txt in Resources */,
				A68354F028381AAF00C31392 /* LaunchScreen.storyboard in Resources */,
				A68354ED28381AAF00C31392 /* Assets.xcassets in Resources */,
			);
			runOnlyForDeploymentPostprocessing = 0;
		};
/* End PBXResourcesBuildPhase section */

/* Begin PBXShellScriptBuildPhase section */
		83F5D50176E12485A0F78CE0 /* [CP] Embed Pods Frameworks */ = {
			isa = PBXShellScriptBuildPhase;
			buildActionMask = 2147483647;
			files = (
			);
			inputFileListPaths = (
				"${PODS_ROOT}/Target Support Files/Pods-ict-hack-4/Pods-ict-hack-4-frameworks-${CONFIGURATION}-input-files.xcfilelist",
			);
			name = "[CP] Embed Pods Frameworks";
			outputFileListPaths = (
				"${PODS_ROOT}/Target Support Files/Pods-ict-hack-4/Pods-ict-hack-4-frameworks-${CONFIGURATION}-output-files.xcfilelist",
			);
			runOnlyForDeploymentPostprocessing = 0;
			shellPath = /bin/sh;
			shellScript = "\"${PODS_ROOT}/Target Support Files/Pods-ict-hack-4/Pods-ict-hack-4-frameworks.sh\"\n";
			showEnvVarsInLog = 0;
		};
		B64248F107FAE7E082B50DF3 /* [CP] Check Pods Manifest.lock */ = {
			isa = PBXShellScriptBuildPhase;
			buildActionMask = 2147483647;
			files = (
			);
			inputFileListPaths = (
			);
			inputPaths = (
				"${PODS_PODFILE_DIR_PATH}/Podfile.lock",
				"${PODS_ROOT}/Manifest.lock",
			);
			name = "[CP] Check Pods Manifest.lock";
			outputFileListPaths = (
			);
			outputPaths = (
				"$(DERIVED_FILE_DIR)/Pods-ict-hack-4-checkManifestLockResult.txt",
			);
			runOnlyForDeploymentPostprocessing = 0;
			shellPath = /bin/sh;
			shellScript = "diff \"${PODS_PODFILE_DIR_PATH}/Podfile.lock\" \"${PODS_ROOT}/Manifest.lock\" > /dev/null\nif [ $? != 0 ] ; then\n    # print error to STDERR\n    echo \"error: The sandbox is not in sync with the Podfile.lock. Run 'pod install' or update your CocoaPods installation.\" >&2\n    exit 1\nfi\n# This output is used by Xcode 'outputs' to avoid re-running this script phase.\necho \"SUCCESS\" > \"${SCRIPT_OUTPUT_FILE_0}\"\n";
			showEnvVarsInLog = 0;
		};
/* End PBXShellScriptBuildPhase section */

/* Begin PBXSourcesBuildPhase section */
		A68354DC28381AAF00C31392 /* Sources */ = {
			isa = PBXSourcesBuildPhase;
			buildActionMask = 2147483647;
			files = (
				A61F4779283912C200E5E74E /* NewNoteTableViewCell.swift in Sources */,
				A6B16A8D2839E27900E4FDFA /* FireworkSpark.swift in Sources */,
				A6B16A932839E27900E4FDFA /* CGPoint+Extensions.swift in Sources */,
				A6B1697E2839B5E500E4FDFA /* HelpСenterCallTableViewCell.swift in Sources */,
				A61F477328390E1D00E5E74E /* NewDiaryEntryViewController.swift in Sources */,
				A68354E828381AAF00C31392 /* ViewController.swift in Sources */,
				A61F477D2839412E00E5E74E /* AdviceTableViewCell.swift in Sources */,
				A61F476E2838663900E5E74E /* MainViewController.swift in Sources */,
				A61F47702838668B00E5E74E /* PinView.swift in Sources */,
				A61F477528390E3D00E5E74E /* HistoryViewController.swift in Sources */,
				A6B16AAA2839E27900E4FDFA /* ImageSparkViewFactory.swift in Sources */,
				A6B16A8F2839E27900E4FDFA /* ClassicFireworkController.swift in Sources */,
				A61F47842839663A00E5E74E /* Tokenizer.swift in Sources */,
				A6B16A8A2839E27900E4FDFA /* SparkViewAnimator.swift in Sources */,
				A61F476C2838661C00E5E74E /* Router.swift in Sources */,
				A68354E428381AAF00C31392 /* AppDelegate.swift in Sources */,
				A61F478828396DE500E5E74E /* PredictionModel.swift in Sources */,
				A6B16A862839E27900E4FDFA /* SparkTrajectory.swift in Sources */,
				A6B16A8B2839E27900E4FDFA /* SparkView.swift in Sources */,
				A61F477B2839373E00E5E74E /* DataModels.swift in Sources */,
				A61F477F283950F400E5E74E /* AdviceRateTableViewCell.swift in Sources */,
				A6B16A822839E27900E4FDFA /* FountainFirework.swift in Sources */,
				A683550028383A6E00C31392 /* NumberPadView.swift in Sources */,
				A6B16A842839E27900E4FDFA /* FountainFireworkController.swift in Sources */,
				A6B16AAC2839E27A00E4FDFA /* CircleColorSparkView.swift in Sources */,
				A6B16A892839E27900E4FDFA /* Firework.swift in Sources */,
				A6B16AAB2839E27A00E4FDFA /* CircleColorSparkViewFactory.swift in Sources */,
				A61F478D2839701E00E5E74E /* TorchModule.mm in Sources */,
				A6B16A912839E27900E4FDFA /* ClassicFireworkAnimator.swift in Sources */,
				A6B16A852839E27900E4FDFA /* FountainSparkTrajectoryFactory.swift in Sources */,
				A6B16A8C2839E27900E4FDFA /* SparkViewFactory.swift in Sources */,
				A6B16A922839E27900E4FDFA /* ClassicFirework.swift in Sources */,
				A6B16A882839E27900E4FDFA /* FireworkSparkScheduler.swift in Sources */,
				A68354FE2838396200C31392 /* AppColors.swift in Sources */,
				A683550228383CF300C31392 /* UIButton+Extension.swift in Sources */,
				A61F476928384D0800E5E74E /* AppImageNames.swift in Sources */,
				A6B16A872839E27900E4FDFA /* SparkTrajectoryFactory.swift in Sources */,
				A6B16A8E2839E27900E4FDFA /* ClassicSparkTrajectoryFactoryProtocol.swift in Sources */,
				A6B16A902839E27900E4FDFA /* ClassicSparkTrajectoryFactory.swift in Sources */,
				A68354FC283836C600C31392 /* EnterPasswordViewController.swift in Sources */,
				A61F47862839668D00E5E74E /* Utils.swift in Sources */,
				A68354E628381AAF00C31392 /* SceneDelegate.swift in Sources */,
				A6B16A832839E27900E4FDFA /* FountainFireworkAnimator.swift in Sources */,
				A6B16AAD2839E27A00E4FDFA /* ImageSparkView.swift in Sources */,
				A6B169802839C05100E4FDFA /* PositiveAdviceTableViewCell.swift in Sources */,
			);
			runOnlyForDeploymentPostprocessing = 0;
		};
/* End PBXSourcesBuildPhase section */

/* Begin PBXVariantGroup section */
		A68354EE28381AAF00C31392 /* LaunchScreen.storyboard */ = {
			isa = PBXVariantGroup;
			children = (
				A68354EF28381AAF00C31392 /* Base */,
			);
			name = LaunchScreen.storyboard;
			sourceTree = "<group>";
		};
/* End PBXVariantGroup section */

/* Begin XCBuildConfiguration section */
		A68354F228381AAF00C31392 /* Debug */ = {
			isa = XCBuildConfiguration;
			buildSettings = {
				ALWAYS_SEARCH_USER_PATHS = NO;
				CLANG_ANALYZER_NONNULL = YES;
				CLANG_ANALYZER_NUMBER_OBJECT_CONVERSION = YES_AGGRESSIVE;
				CLANG_CXX_LANGUAGE_STANDARD = "gnu++17";
				CLANG_ENABLE_MODULES = YES;
				CLANG_ENABLE_OBJC_ARC = YES;
				CLANG_ENABLE_OBJC_WEAK = YES;
				CLANG_WARN_BLOCK_CAPTURE_AUTORELEASING = YES;
				CLANG_WARN_BOOL_CONVERSION = YES;
				CLANG_WARN_COMMA = YES;
				CLANG_WARN_CONSTANT_CONVERSION = YES;
				CLANG_WARN_DEPRECATED_OBJC_IMPLEMENTATIONS = YES;
				CLANG_WARN_DIRECT_OBJC_ISA_USAGE = YES_ERROR;
				CLANG_WARN_DOCUMENTATION_COMMENTS = YES;
				CLANG_WARN_EMPTY_BODY = YES;
				CLANG_WARN_ENUM_CONVERSION = YES;
				CLANG_WARN_INFINITE_RECURSION = YES;
				CLANG_WARN_INT_CONVERSION = YES;
				CLANG_WARN_NON_LITERAL_NULL_CONVERSION = YES;
				CLANG_WARN_OBJC_IMPLICIT_RETAIN_SELF = YES;
				CLANG_WARN_OBJC_LITERAL_CONVERSION = YES;
				CLANG_WARN_OBJC_ROOT_CLASS = YES_ERROR;
				CLANG_WARN_QUOTED_INCLUDE_IN_FRAMEWORK_HEADER = YES;
				CLANG_WARN_RANGE_LOOP_ANALYSIS = YES;
				CLANG_WARN_STRICT_PROTOTYPES = YES;
				CLANG_WARN_SUSPICIOUS_MOVE = YES;
				CLANG_WARN_UNGUARDED_AVAILABILITY = YES_AGGRESSIVE;
				CLANG_WARN_UNREACHABLE_CODE = YES;
				CLANG_WARN__DUPLICATE_METHOD_MATCH = YES;
				COPY_PHASE_STRIP = NO;
				DEBUG_INFORMATION_FORMAT = dwarf;
				ENABLE_STRICT_OBJC_MSGSEND = YES;
				ENABLE_TESTABILITY = YES;
				GCC_C_LANGUAGE_STANDARD = gnu11;
				GCC_DYNAMIC_NO_PIC = NO;
				GCC_NO_COMMON_BLOCKS = YES;
				GCC_OPTIMIZATION_LEVEL = 0;
				GCC_PREPROCESSOR_DEFINITIONS = (
					"DEBUG=1",
					"$(inherited)",
				);
				GCC_WARN_64_TO_32_BIT_CONVERSION = YES;
				GCC_WARN_ABOUT_RETURN_TYPE = YES_ERROR;
				GCC_WARN_UNDECLARED_SELECTOR = YES;
				GCC_WARN_UNINITIALIZED_AUTOS = YES_AGGRESSIVE;
				GCC_WARN_UNUSED_FUNCTION = YES;
				GCC_WARN_UNUSED_VARIABLE = YES;
				IPHONEOS_DEPLOYMENT_TARGET = 15.0;
				MTL_ENABLE_DEBUG_INFO = INCLUDE_SOURCE;
				MTL_FAST_MATH = YES;
				ONLY_ACTIVE_ARCH = YES;
				SDKROOT = iphoneos;
				SWIFT_ACTIVE_COMPILATION_CONDITIONS = DEBUG;
				SWIFT_OPTIMIZATION_LEVEL = "-Onone";
			};
			name = Debug;
		};
		A68354F328381AAF00C31392 /* Release */ = {
			isa = XCBuildConfiguration;
			buildSettings = {
				ALWAYS_SEARCH_USER_PATHS = NO;
				CLANG_ANALYZER_NONNULL = YES;
				CLANG_ANALYZER_NUMBER_OBJECT_CONVERSION = YES_AGGRESSIVE;
				CLANG_CXX_LANGUAGE_STANDARD = "gnu++17";
				CLANG_ENABLE_MODULES = YES;
				CLANG_ENABLE_OBJC_ARC = YES;
				CLANG_ENABLE_OBJC_WEAK = YES;
				CLANG_WARN_BLOCK_CAPTURE_AUTORELEASING = YES;
				CLANG_WARN_BOOL_CONVERSION = YES;
				CLANG_WARN_COMMA = YES;
				CLANG_WARN_CONSTANT_CONVERSION = YES;
				CLANG_WARN_DEPRECATED_OBJC_IMPLEMENTATIONS = YES;
				CLANG_WARN_DIRECT_OBJC_ISA_USAGE = YES_ERROR;
				CLANG_WARN_DOCUMENTATION_COMMENTS = YES;
				CLANG_WARN_EMPTY_BODY = YES;
				CLANG_WARN_ENUM_CONVERSION = YES;
				CLANG_WARN_INFINITE_RECURSION = YES;
				CLANG_WARN_INT_CONVERSION = YES;
				CLANG_WARN_NON_LITERAL_NULL_CONVERSION = YES;
				CLANG_WARN_OBJC_IMPLICIT_RETAIN_SELF = YES;
				CLANG_WARN_OBJC_LITERAL_CONVERSION = YES;
				CLANG_WARN_OBJC_ROOT_CLASS = YES_ERROR;
				CLANG_WARN_QUOTED_INCLUDE_IN_FRAMEWORK_HEADER = YES;
				CLANG_WARN_RANGE_LOOP_ANALYSIS = YES;
				CLANG_WARN_STRICT_PROTOTYPES = YES;
				CLANG_WARN_SUSPICIOUS_MOVE = YES;
				CLANG_WARN_UNGUARDED_AVAILABILITY = YES_AGGRESSIVE;
				CLANG_WARN_UNREACHABLE_CODE = YES;
				CLANG_WARN__DUPLICATE_METHOD_MATCH = YES;
				COPY_PHASE_STRIP = NO;
				DEBUG_INFORMATION_FORMAT = "dwarf-with-dsym";
				ENABLE_NS_ASSERTIONS = NO;
				ENABLE_STRICT_OBJC_MSGSEND = YES;
				GCC_C_LANGUAGE_STANDARD = gnu11;
				GCC_NO_COMMON_BLOCKS = YES;
				GCC_WARN_64_TO_32_BIT_CONVERSION = YES;
				GCC_WARN_ABOUT_RETURN_TYPE = YES_ERROR;
				GCC_WARN_UNDECLARED_SELECTOR = YES;
				GCC_WARN_UNINITIALIZED_AUTOS = YES_AGGRESSIVE;
				GCC_WARN_UNUSED_FUNCTION = YES;
				GCC_WARN_UNUSED_VARIABLE = YES;
				IPHONEOS_DEPLOYMENT_TARGET = 15.0;
				MTL_ENABLE_DEBUG_INFO = NO;
				MTL_FAST_MATH = YES;
				SDKROOT = iphoneos;
				SWIFT_COMPILATION_MODE = wholemodule;
				SWIFT_OPTIMIZATION_LEVEL = "-O";
				VALIDATE_PRODUCT = YES;
			};
			name = Release;
		};
		A68354F528381AAF00C31392 /* Debug */ = {
			isa = XCBuildConfiguration;
			baseConfigurationReference = 1BB4ABD5C25D1DBE927D1AD1 /* Pods-ict-hack-4.debug.xcconfig */;
			buildSettings = {
				ASSETCATALOG_COMPILER_APPICON_NAME = AppIcon;
				ASSETCATALOG_COMPILER_GLOBAL_ACCENT_COLOR_NAME = AccentColor;
				CLANG_ENABLE_MODULES = YES;
				CODE_SIGN_STYLE = Automatic;
				CURRENT_PROJECT_VERSION = 1;
				DEVELOPMENT_TEAM = 9N36M22CA6;
				ENABLE_BITCODE = NO;
				GENERATE_INFOPLIST_FILE = YES;
				INFOPLIST_FILE = "ict-hack-4/Core/Info.plist";
				INFOPLIST_KEY_UIApplicationSupportsIndirectInputEvents = YES;
				INFOPLIST_KEY_UILaunchStoryboardName = LaunchScreen;
				INFOPLIST_KEY_UISupportedInterfaceOrientations_iPad = "UIInterfaceOrientationPortrait UIInterfaceOrientationPortraitUpsideDown UIInterfaceOrientationLandscapeLeft UIInterfaceOrientationLandscapeRight";
				INFOPLIST_KEY_UISupportedInterfaceOrientations_iPhone = "UIInterfaceOrientationPortrait UIInterfaceOrientationLandscapeLeft UIInterfaceOrientationLandscapeRight";
				LD_RUNPATH_SEARCH_PATHS = (
					"$(inherited)",
					"@executable_path/Frameworks",
				);
				MARKETING_VERSION = 1.0;
				PRODUCT_BUNDLE_IDENTIFIER = "com.matvei.bme.ict-hack-4";
				PRODUCT_NAME = "$(TARGET_NAME)";
				SWIFT_EMIT_LOC_STRINGS = YES;
				SWIFT_OBJC_BRIDGING_HEADER = "ict-hack-4/MLModel/TorchBridge/ict-hack-4-Bridging-Header.h";
				SWIFT_OPTIMIZATION_LEVEL = "-Onone";
				SWIFT_VERSION = 5.0;
				TARGETED_DEVICE_FAMILY = "1,2";
			};
			name = Debug;
		};
		A68354F628381AAF00C31392 /* Release */ = {
			isa = XCBuildConfiguration;
			baseConfigurationReference = A990A7DB93C74C210AF9A76B /* Pods-ict-hack-4.release.xcconfig */;
			buildSettings = {
				ASSETCATALOG_COMPILER_APPICON_NAME = AppIcon;
				ASSETCATALOG_COMPILER_GLOBAL_ACCENT_COLOR_NAME = AccentColor;
				CLANG_ENABLE_MODULES = YES;
				CODE_SIGN_STYLE = Automatic;
				CURRENT_PROJECT_VERSION = 1;
				DEVELOPMENT_TEAM = 9N36M22CA6;
				ENABLE_BITCODE = NO;
				GENERATE_INFOPLIST_FILE = YES;
				INFOPLIST_FILE = "ict-hack-4/Core/Info.plist";
				INFOPLIST_KEY_UIApplicationSupportsIndirectInputEvents = YES;
				INFOPLIST_KEY_UILaunchStoryboardName = LaunchScreen;
				INFOPLIST_KEY_UISupportedInterfaceOrientations_iPad = "UIInterfaceOrientationPortrait UIInterfaceOrientationPortraitUpsideDown UIInterfaceOrientationLandscapeLeft UIInterfaceOrientationLandscapeRight";
				INFOPLIST_KEY_UISupportedInterfaceOrientations_iPhone = "UIInterfaceOrientationPortrait UIInterfaceOrientationLandscapeLeft UIInterfaceOrientationLandscapeRight";
				LD_RUNPATH_SEARCH_PATHS = (
					"$(inherited)",
					"@executable_path/Frameworks",
				);
				MARKETING_VERSION = 1.0;
				PRODUCT_BUNDLE_IDENTIFIER = "com.matvei.bme.ict-hack-4";
				PRODUCT_NAME = "$(TARGET_NAME)";
				SWIFT_EMIT_LOC_STRINGS = YES;
				SWIFT_OBJC_BRIDGING_HEADER = "ict-hack-4/MLModel/TorchBridge/ict-hack-4-Bridging-Header.h";
				SWIFT_VERSION = 5.0;
				TARGETED_DEVICE_FAMILY = "1,2";
			};
			name = Release;
		};
/* End XCBuildConfiguration section */

/* Begin XCConfigurationList section */
		A68354DB28381AAF00C31392 /* Build configuration list for PBXProject "ict-hack-4" */ = {
			isa = XCConfigurationList;
			buildConfigurations = (
				A68354F228381AAF00C31392 /* Debug */,
				A68354F328381AAF00C31392 /* Release */,
			);
			defaultConfigurationIsVisible = 0;
			defaultConfigurationName = Release;
		};
		A68354F428381AAF00C31392 /* Build configuration list for PBXNativeTarget "ict-hack-4" */ = {
			isa = XCConfigurationList;
			buildConfigurations = (
				A68354F528381AAF00C31392 /* Debug */,
				A68354F628381AAF00C31392 /* Release */,
			);
			defaultConfigurationIsVisible = 0;
			defaultConfigurationName = Release;
		};
/* End XCConfigurationList section */
	};
	rootObject = A68354D828381AAF00C31392 /* Project object */;
}
